{
    "_meta": {
        "hash": {
            "sha256": "c2d78e0bf5fe824233f66af401871c1cab11b264303260a17b277bac99bddaa6"
        },
        "pipfile-spec": 6,
        "requires": {
            "python_version": "3.6"
        },
        "sources": [
            {
                "name": "pypi",
                "url": "https://pypi.org/simple",
                "verify_ssl": true
            }
        ]
    },
    "default": {
        "appdirs": {
            "hashes": [
                "sha256:9e5896d1372858f8dd3344faf4e5014d21849c756c8d5701f78f8a103b372d92",
                "sha256:d8b24664561d0d34ddfaec54636d502d7cea6e29c3eaf68f3df6180863e2166e"
            ],
            "version": "==1.4.3"
        },
        "aspy.yaml": {
            "hashes": [
                "sha256:ae249074803e8b957c83fdd82a99160d0d6d26dff9ba81ba608b42eebd7d8cd3",
                "sha256:c7390d79f58eb9157406966201abf26da0d56c07e0ff0deadc39c8f4dbc13482"
            ],
            "version": "==1.2.0"
        },
        "attrs": {
            "hashes": [
                "sha256:69c0dbf2ed392de1cb5ec704444b08a5ef81680a61cb899dc08127123af36a79",
                "sha256:f0b870f674851ecbfbbbd364d6b5cbdff9dcedbc7f3f5e18a6891057f21fe399"
            ],
            "version": "==19.1.0"
        },
        "black": {
            "hashes": [
                "sha256:09a9dcb7c46ed496a9850b76e4e825d6049ecd38b611f1224857a79bd985a8cf",
                "sha256:68950ffd4d9169716bcb8719a56c07a2f4485354fec061cdd5910aa07369731c"
            ],
            "index": "pypi",
            "version": "==19.3b0"
        },
        "bottle": {
            "hashes": [
                "sha256:9c310da61e7df2b6ac257d8a90811899ccb3a9743e77e947101072a2e3186726",
                "sha256:ca43beafbdccabbe31b758a4f34d1e44985a9b9539516775208b2b0f903eafa0"
            ],
            "index": "pypi",
            "version": "==0.12.16"
        },
        "cfgv": {
            "hashes": [
                "sha256:6e9f2feea5e84bc71e56abd703140d7a2c250fc5ba38b8702fd6a68ed4e3b2ef",
                "sha256:e7f186d4a36c099a9e20b04ac3108bd8bb9b9257e692ce18c8c3764d5cb12172"
            ],
            "version": "==1.6.0"
        },
        "click": {
            "hashes": [
                "sha256:2335065e6395b9e67ca716de5f7526736bfa6ceead690adf616d925bdc622b13",
                "sha256:5b94b49521f6456670fdb30cd82a4eca9412788a93fa6dd6df72c94d5a8ff2d7"
            ],
            "version": "==7.0"
        },
        "identify": {
            "hashes": [
                "sha256:432c548d6138cb57a3d8f62f079a025a29b8ae34a50dd3b496bbf661818f2bc0",
                "sha256:d4401d60bf1938aa3074a352a5cc9044107edf11a6fedd3a1db172c141619b81"
            ],
            "version": "==1.4.3"
        },
        "importlib-metadata": {
            "hashes": [
                "sha256:2f2e54cbf6b06b16351e4c40a6adb0860cab6cfb95a0c0fcb58bb789c4b450f5",
                "sha256:37bbea81dec44d1ff72d58a1b5c1599a9f3436537f33e9e26f276610064c4830"
            ],
            "version": "==0.12"
        },
        "importlib-resources": {
            "hashes": [
                "sha256:6e2783b2538bd5a14678284a3962b0660c715e5a0f10243fd5e00a4b5974f50b",
                "sha256:d3279fd0f6f847cced9f7acc19bd3e5df54d34f93a2e7bb5f238f81545787078"
            ],
            "markers": "python_version < '3.7'",
            "version": "==1.0.2"
        },
        "nodeenv": {
            "hashes": [
                "sha256:ad8259494cf1c9034539f6cced78a1da4840a4b157e23640bc4a0c0546b0cb7a"
            ],
            "version": "==1.3.3"
        },
        "peewee": {
            "hashes": [
                "sha256:f0249be468e3b119a8ad83f686e7fe161303197e0534e3cdff8fa5a5417c01a5"
            ],
            "index": "pypi",
            "version": "==3.9.5"
        },
        "pre-commit": {
            "hashes": [
                "sha256:6ca409d1f22d444af427fb023a33ca8b69625d508a50e1b7eaabd59247c93043",
                "sha256:94dd519597f5bff06a4b0df194a79c524b78f4b1534c1ce63241a9d4fb23b926"
            ],
            "index": "pypi",
            "version": "==1.16.1"
        },
        "pyyaml": {
            "hashes": [
                "sha256:1adecc22f88d38052fb787d959f003811ca858b799590a5eaa70e63dca50308c",
                "sha256:436bc774ecf7c103814098159fbb84c2715d25980175292c648f2da143909f95",
                "sha256:460a5a4248763f6f37ea225d19d5c205677d8d525f6a83357ca622ed541830c2",
                "sha256:5a22a9c84653debfbf198d02fe592c176ea548cccce47553f35f466e15cf2fd4",
                "sha256:7a5d3f26b89d688db27822343dfa25c599627bc92093e788956372285c6298ad",
                "sha256:9372b04a02080752d9e6f990179a4ab840227c6e2ce15b95e1278456664cf2ba",
                "sha256:a5dcbebee834eaddf3fa7366316b880ff4062e4bcc9787b78c7fbb4a26ff2dd1",
                "sha256:aee5bab92a176e7cd034e57f46e9df9a9862a71f8f37cad167c6fc74c65f5b4e",
                "sha256:c51f642898c0bacd335fc119da60baae0824f2cde95b0330b56c0553439f0673",
                "sha256:c68ea4d3ba1705da1e0d85da6684ac657912679a649e8868bd850d2c299cce13",
                "sha256:e23d0cc5299223dcc37885dae624f382297717e459ea24053709675a976a3e19"
            ],
            "version": "==5.1"
        },
        "six": {
            "hashes": [
                "sha256:3350809f0555b11f552448330d0b52d5f24c91a322ea4a15ef22629740f3761c",
                "sha256:d16a0141ec1a18405cd4ce8b4613101da75da0e9a7aec5bdd4fa804d0e0eba73"
            ],
            "version": "==1.12.0"
        },
        "toml": {
            "hashes": [
                "sha256:229f81c57791a41d65e399fc06bf0848bab550a9dfd5ed66df18ce5f05e73d5c",
                "sha256:235682dd292d5899d361a811df37e04a8828a5b1da3115886b73cf81ebc9100e"
            ],
            "version": "==0.10.0"
        },
        "virtualenv": {
            "hashes": [
                "sha256:99acaf1e35c7ccf9763db9ba2accbca2f4254d61d1912c5ee364f9cc4a8942a0",
                "sha256:fe51cdbf04e5d8152af06c075404745a7419de27495a83f0d72518ad50be3ce8"
            ],
            "version": "==16.6.0"
        },
        "zipp": {
            "hashes": [
                "sha256:46dfd547d9ccbf8bdc26ecea52818046bb28509f12bb6a0de1cd66ab06e9a9be",
                "sha256:d7ac25f895fb65bff937b381353c14eb1fa23d35f40abd72a5342cd57eb57fd1"
            ],
            "version": "==0.5.0"
        }
    },
    "develop": {
        "atomicwrites": {
            "hashes": [
                "sha256:03472c30eb2c5d1ba9227e4c2ca66ab8287fbfbbda3888aa93dc2e28fc6811b4",
                "sha256:75a9445bac02d8d058d5e1fe689654ba5a6556a1dfd8ce6ec55a0ed79866cfa6"
            ],
            "version": "==1.3.0"
        },
        "attrs": {
            "hashes": [
                "sha256:69c0dbf2ed392de1cb5ec704444b08a5ef81680a61cb899dc08127123af36a79",
                "sha256:f0b870f674851ecbfbbbd364d6b5cbdff9dcedbc7f3f5e18a6891057f21fe399"
            ],
            "version": "==19.1.0"
        },
        "certifi": {
            "hashes": [
                "sha256:59b7658e26ca9c7339e00f8f4636cdfe59d34fa37b9b04f6f9e9926b3cece1a5",
                "sha256:b26104d6835d1f5e49452a26eb2ff87fe7090b89dfcaee5ea2212697e1e1d7ae"
            ],
            "version": "==2019.3.9"
        },
        "chardet": {
            "hashes": [
                "sha256:84ab92ed1c4d4f16916e05906b6b75a6c0fb5db821cc65e70cbd64a3e2a5eaae",
                "sha256:fc323ffcaeaed0e0a02bf4d117757b98aed530d9ed4531e3e15460124c106691"
            ],
            "version": "==3.0.4"
        },
        "idna": {
            "hashes": [
                "sha256:c357b3f628cf53ae2c4c05627ecc484553142ca23264e593d327bcde5e9c3407",
                "sha256:ea8b7f6188e6fa117537c3df7da9fc686d485087abf6ac197f9c46432f7e4a3c"
            ],
            "version": "==2.8"
        },
        "more-itertools": {
            "hashes": [
                "sha256:2112d2ca570bb7c3e53ea1a35cd5df42bb0fd10c45f0fb97178679c3c03d64c7",
                "sha256:c3e4748ba1aad8dba30a4886b0b1a2004f9a863837b8654e7059eebf727afa5a"
            ],
            "markers": "python_version > '2.7'",
            "version": "==7.0.0"
        },
        "pluggy": {
            "hashes": [
                "sha256:25a1bc1d148c9a640211872b4ff859878d422bccb59c9965e04eed468a0aa180",
                "sha256:964cedd2b27c492fbf0b7f58b3284a09cf7f99b0f715941fb24a439b3af1bd1a"
            ],
            "version": "==0.11.0"
        },
        "py": {
            "hashes": [
                "sha256:64f65755aee5b381cea27766a3a147c3f15b9b6b9ac88676de66ba2ae36793fa",
                "sha256:dc639b046a6e2cff5bbe40194ad65936d6ba360b52b3c3fe1d08a82dd50b5e53"
            ],
            "version": "==1.8.0"
        },
        "pytest": {
            "hashes": [
                "sha256:1a8aa4fa958f8f451ac5441f3ac130d9fc86ea38780dd2715e6d5c5882700b24",
                "sha256:b8bf138592384bd4e87338cb0f256bf5f615398a649d4bd83915f0e4047a5ca6"
            ],
            "index": "pypi",
            "version": "==4.5.0"
        },
        "requests": {
            "hashes": [
                "sha256:502a824f31acdacb3a35b6690b5fbf0bc41d63a24a45c4004352b0242707598e",
                "sha256:7bf2a778576d825600030a110f3c0e3e8edc51dfaafe1c146e39a2027784957b"
            ],
            "index": "pypi",
            "version": "==2.21.0"
        },
        "six": {
            "hashes": [
                "sha256:3350809f0555b11f552448330d0b52d5f24c91a322ea4a15ef22629740f3761c",
                "sha256:d16a0141ec1a18405cd4ce8b4613101da75da0e9a7aec5bdd4fa804d0e0eba73"
            ],
            "version": "==1.12.0"
        },
        "urllib3": {
            "hashes": [
                "sha256:2393a695cd12afedd0dcb26fe5d50d0cf248e5a66f75dbd89a3d4eb333a61af4",
                "sha256:a637e5fae88995b256e3409dc4d52c2e2e0ba32c42a6365fee8bbd2238de3cfb"
            ],
            "version": "==1.24.3"
        },
        "wcwidth": {
            "hashes": [
                "sha256:3df37372226d6e63e1b1e1eda15c594bca98a22d33a23832a90998faa96bc65e",
                "sha256:f4ebe71925af7b40a864553f761ed559b43544f8f71746c2d756c7fe788ade7c"
            ],
            "version": "==0.1.7"
        }
    }
}
